
Microsoft Visual Studio Solution File, Format Version 12.00
# Visual Studio Version 16
VisualStudioVersion = 16.0.29006.145
MinimumVisualStudioVersion = 10.0.40219.1
Project("{FAE04EC0-301F-11D3-BF4B-00C04F79EFBC}") = "Console_Base-Keyword", "Console_Base-Keyword\Console_Base-Keyword.csproj", "{D0E0705E-817F-4FB4-9D03-90B1353B8C4C}"
EndProject
Global
	GlobalSection(SolutionConfigurationPlatforms) = preSolution
		Debug|Any CPU = Debug|Any CPU
		Release|Any CPU = Release|Any CPU
	EndGlobalSection
	GlobalSection(ProjectConfigurationPlatforms) = postSolution
		{D0E0705E-817F-4FB4-9D03-90B1353B8C4C}.Debug|Any CPU.ActiveCfg = Debug|Any CPU
		{D0E0705E-817F-4FB4-9D03-90B1353B8C4C}.Debug|Any CPU.Build.0 = Debug|Any CPU
		{D0E0705E-817F-4FB4-9D03-90B1353B8C4C}.Release|Any CPU.ActiveCfg = Release|Any CPU
		{D0E0705E-817F-4FB4-9D03-90B1353B8C4C}.Release|Any CPU.Build.0 = Release|Any CPU
	EndGlobalSection
	GlobalSection(SolutionProperties) = preSolution
		HideSolutionNode = FALSE
	EndGlobalSection
	GlobalSection(ExtensibilityGlobals) = postSolution
		SolutionGuid = {8EA93BF1-8CE2-4D0F-9076-1DFDFEAFDA57}
	EndGlobalSection
EndGlobal
